
Microsoft Visual Studio Solution File, Format Version 12.00
# Visual Studio Version 16
VisualStudioVersion = 16.0.30310.162
MinimumVisualStudioVersion = 10.0.40219.1
Project("{FAE04EC0-301F-11D3-BF4B-00C04F79EFBC}") = "Textbox", "Textbox.csproj", "{C91C4A03-3E93-42A4-9236-F94D5C0FDDC2}"
EndProject
Global
	GlobalSection(SolutionConfigurationPlatforms) = preSolution
		Debug|Any CPU = Debug|Any CPU
		Release|Any CPU = Release|Any CPU
	EndGlobalSection
	GlobalSection(ProjectConfigurationPlatforms) = postSolution
		{C91C4A03-3E93-42A4-9236-F94D5C0FDDC2}.Debug|Any CPU.ActiveCfg = Debug|Any CPU
		{C91C4A03-3E93-42A4-9236-F94D5C0FDDC2}.Debug|Any CPU.Build.0 = Debug|Any CPU
		{C91C4A03-3E93-42A4-9236-F94D5C0FDDC2}.Release|Any CPU.ActiveCfg = Release|Any CPU
		{C91C4A03-3E93-42A4-9236-F94D5C0FDDC2}.Release|Any CPU.Build.0 = Release|Any CPU
	EndGlobalSection
	GlobalSection(SolutionProperties) = preSolution
		HideSolutionNode = FALSE
	EndGlobalSection
	GlobalSection(ExtensibilityGlobals) = postSolution
		SolutionGuid = {2297563A-F654-4206-9504-09EA1104AB4C}
	EndGlobalSection
EndGlobal
